{
  "lockfileVersion": 1,
  "configVersion": 1,
  "workspaces": {
    "": {
      "dependencies": {
        "@iarna/toml": "^2.2.5",
        "@opencode-ai/sdk": "^1.3.7",
        "grammy": "^1.41.1",
        "ntp-time-sync": "^0.5.0",
        "solarlunar": "^3.1.0",
      },
      "devDependencies": {
        "@types/node": "^25.5.0",
        "opencode-ai": "^1.3.7",
        "typescript": "^6.0.2",
      },
    },
  },
  "packages": {
    "@grammyjs/types": ["@grammyjs/types@3.25.0", "", {}, "sha512-iN9i5p+8ZOu9OMxWNcguojQfz4K/PDyMPOnL7PPCON+SoA/F8OKMH3uR7CVUkYfdNe0GCz8QOzAWrnqusQYFOg=="],

    "@iarna/toml": ["@iarna/toml@2.2.5", "", {}, "sha512-trnsAYxU3xnS1gPHPyU961coFyLkh4gAD/0zQ5mymY4yOZ+CYvsPqUbOFSw0aDM4y0tV7tiFxL/1XfXPNC6IPg=="],

    "@opencode-ai/sdk": ["@opencode-ai/sdk@1.3.7", "", {}, "sha512-ugkta0v0dMZchN15QGmqHb9zf35k+K1VM9wt3x4ZRJ6GxKAs0XlCmQPQJflgV9YSedNxjkgTud0GCCIWUSiUOg=="],

    "@types/node": ["@types/node@25.5.0", "", { "dependencies": { "undici-types": "~7.18.0" } }, "sha512-jp2P3tQMSxWugkCUKLRPVUpGaL5MVFwF8RDuSRztfwgN1wmqJeMSbKlnEtQqU8UrhTmzEmZdu2I6v2dpp7XIxw=="],

    "abort-controller": ["abort-controller@3.0.0", "", { "dependencies": { "event-target-shim": "^5.0.0" } }, "sha512-h8lQ8tacZYnR3vNQTgibj+tODHI5/+l06Au2Pcriv/Gmet0eaj4TwWH41sO9wnHDiQsEj19q0drzdWdeAHtweg=="],

    "debug": ["debug@4.4.3", "", { "dependencies": { "ms": "^2.1.3" } }, "sha512-RGwwWnwQvkVfavKVt22FGLw+xYSdzARwm0ru6DhTVA3umU5hZc28V3kO4stgYryrTlLpuvgI9GiijltAjNbcqA=="],

    "event-target-shim": ["event-target-shim@5.0.1", "", {}, "sha512-i/2XbnSz/uxRCU6+NdVJgKWDTM427+MqYbkQzD321DuCQJUqOuJKIA0IM2+W2xtYHdKOmZ4dR6fExsd4SXL+WQ=="],

    "grammy": ["grammy@1.41.1", "", { "dependencies": { "@grammyjs/types": "3.25.0", "abort-controller": "^3.0.0", "debug": "^4.4.3", "node-fetch": "^2.7.0" } }, "sha512-wcHAQ1e7svL3fJMpDchcQVcWUmywhuepOOjHUHmMmWAwUJEIyK5ea5sbSjZd+Gy1aMpZeP8VYJa+4tP+j1YptQ=="],

    "ms": ["ms@2.1.3", "", {}, "sha512-6FlzubTLZG3J2a/NVCAleEhjzq5oxgHyaCU9yYXvcLsvoVaHJq/s5xXI6/XXP6tz7R9xAOtHnSO/tXtF3WRTlA=="],

    "node-fetch": ["node-fetch@2.7.0", "", { "dependencies": { "whatwg-url": "^5.0.0" }, "peerDependencies": { "encoding": "^0.1.0" }, "optionalPeers": ["encoding"] }, "sha512-c4FRfUm/dbcWZ7U+1Wq0AwCyFL+3nt2bEw05wfxSz+DWpWsitgmSgYmy2dQdWyKC1694ELPqMs/YzUSNozLt8A=="],

    "ntp-packet-parser": ["ntp-packet-parser@0.5.0", "", {}, "sha512-W18iLyaV17jH4inpvSu2gPep2f1Gs3oABra5NXXzG7MXhLcdHqJrJBO23bTMLkRf4HP9SWHL7FEwwtUf6R1q+g=="],

    "ntp-time-sync": ["ntp-time-sync@0.5.0", "", { "dependencies": { "ntp-packet-parser": "^0.5.0" } }, "sha512-ztb/P8wf6vwyJS2FPJ8i4nnDfbvMqVxs5+WoeVMbGkSGe0TiTsBhsV6qsFDiKXoNFwsBt+MUauwk2pKlgVLLmw=="],

    "opencode-ai": ["opencode-ai@1.3.7", "", { "optionalDependencies": { "opencode-darwin-arm64": "1.3.7", "opencode-darwin-x64": "1.3.7", "opencode-darwin-x64-baseline": "1.3.7", "opencode-linux-arm64": "1.3.7", "opencode-linux-arm64-musl": "1.3.7", "opencode-linux-x64": "1.3.7", "opencode-linux-x64-baseline": "1.3.7", "opencode-linux-x64-baseline-musl": "1.3.7", "opencode-linux-x64-musl": "1.3.7", "opencode-windows-arm64": "1.3.7", "opencode-windows-x64": "1.3.7", "opencode-windows-x64-baseline": "1.3.7" }, "bin": { "opencode": "bin/opencode" } }, "sha512-AtqTOcPvHkAF/zPGs/08/8m2DeiWADCGhT/WAJ1drGem4WdPOt45jkJLPdOCheN1gqmLxTcNV0veKFVHmbjKKQ=="],

    "opencode-darwin-arm64": ["opencode-darwin-arm64@1.3.7", "", { "os": "darwin", "cpu": "arm64" }, "sha512-TRglBnrSzeR9pEFV8Z1ACqhD3r3WYl8v1y9TkgvHviTD/EXGL3Nu7f/fy3XOQprPGSLPyrlOwZXb1i9XrfTo1A=="],

    "opencode-darwin-x64": ["opencode-darwin-x64@1.3.7", "", { "os": "darwin", "cpu": "x64" }, "sha512-Nsyh3vLAqqfVyWD4qrcyRJit+CmZZpm6IdXTk9wo1hUAE/RmYIBDz1To99ZBwA3SJB1fLrciYicMN2uq8r1XNw=="],

    "opencode-darwin-x64-baseline": ["opencode-darwin-x64-baseline@1.3.7", "", { "os": "darwin", "cpu": "x64" }, "sha512-YLl+peZIC1m295JNSMzM/NM5uNs2GVewZply2GV3P6WApS5JuRIaMNvzOk7jpL90yt6pur6oEwC8g0WWwP8G4A=="],

    "opencode-linux-arm64": ["opencode-linux-arm64@1.3.7", "", { "os": "linux", "cpu": "arm64" }, "sha512-72OnT20wIhkXMGclmw7S+d8JjIb9lx8pPIW8pkyI79+qxLTp6AuTHsmUG/qDhw3NMtVDs9efAb0C/FjLXATeAA=="],

    "opencode-linux-arm64-musl": ["opencode-linux-arm64-musl@1.3.7", "", { "os": "linux", "cpu": "arm64" }, "sha512-D4gCn7oVLCc3xN0BSJOfYerCr1E1ktUkixfHQEmkoR1CLZ77Z/aHSgcm0Ln01Q+ie6MsVukvuyUQn9GEY1Dn/A=="],

    "opencode-linux-x64": ["opencode-linux-x64@1.3.7", "", { "os": "linux", "cpu": "x64" }, "sha512-rCFXrgDLhPuHazomDgzBXGLE0wJ4VRHrIe26WCHm4iqmGu9O6ExZd612Y07/CGQm4bVBHlaalcWh7N/z6GOPkA=="],

    "opencode-linux-x64-baseline": ["opencode-linux-x64-baseline@1.3.7", "", { "os": "linux", "cpu": "x64" }, "sha512-Aztdiq0U6H8Nww7mmARK/ZGkllTrePuyEEdzg2+0LWfUpDO5Cl/pMJ8btqVtTjfb/pLw+BU3JtYxw8oOhRkl/A=="],

    "opencode-linux-x64-baseline-musl": ["opencode-linux-x64-baseline-musl@1.3.7", "", { "os": "linux", "cpu": "x64" }, "sha512-DE8eqPF2benmdzUdMG+rnr0J3DtrP+x8sUzq7gecuNnU4iHo4s8Itx+gCLP978ZBdYwTkNRtNZ5BKN0ePT5KYQ=="],

    "opencode-linux-x64-musl": ["opencode-linux-x64-musl@1.3.7", "", { "os": "linux", "cpu": "x64" }, "sha512-L0ohQAbw1Ib1koawV/yJAYIGIel2zMPafbdeMXELIvpes3Sq9qIfCSRB/2ROu8gjN8P1TGnUU6Vx1F3MtJOvIA=="],

    "opencode-windows-arm64": ["opencode-windows-arm64@1.3.7", "", { "os": "win32", "cpu": "arm64" }, "sha512-s6emZ28ORIMtKyrBKvo96q2qanRwbjPHK/rOMinZ22SW7DLzNKKf1p92JMkSni0dXXGL64jsy1se5IvELc7Mvg=="],

    "opencode-windows-x64": ["opencode-windows-x64@1.3.7", "", { "os": "win32", "cpu": "x64" }, "sha512-q7V9p10Q7BH03tnYMG4k6B1ZXLDriDMtXkkw+NW1p22F7dQ22WmaMoCWnv3d4b2vNyjMjIYuPm97q0v02QI08w=="],

    "opencode-windows-x64-baseline": ["opencode-windows-x64-baseline@1.3.7", "", { "os": "win32", "cpu": "x64" }, "sha512-CGbhvn9rMXV4xEjw1lxPFbsWuOPf/xJ1AAblqKsF2VmSbqe25QG5VIf88hsJo8YmYIHz6U7tNGI4lTF1zVx9cw=="],

    "solarlunar": ["solarlunar@3.1.0", "", {}, "sha512-PCJsIeSaMyQVK6TZk+tlPNaoAlk02+2UxhI/DS+K0zdLkwTihMp4px6S+Jv6HPPC0p7QsUM18WSs2/HEC1o0wQ=="],

    "tr46": ["tr46@0.0.3", "", {}, "sha512-N3WMsuqV66lT30CrXNbEjx4GEwlow3v6rr4mCcv6prnfwhS01rkgyFdjPNBYd9br7LpXV1+Emh01fHnq2Gdgrw=="],

    "typescript": ["typescript@6.0.2", "", { "bin": { "tsc": "bin/tsc", "tsserver": "bin/tsserver" } }, "sha512-bGdAIrZ0wiGDo5l8c++HWtbaNCWTS4UTv7RaTH/ThVIgjkveJt83m74bBHMJkuCbslY8ixgLBVZJIOiQlQTjfQ=="],

    "undici-types": ["undici-types@7.18.2", "", {}, "sha512-AsuCzffGHJybSaRrmr5eHr81mwJU3kjw6M+uprWvCXiNeN9SOGwQ3Jn8jb8m3Z6izVgknn1R0FTCEAP2QrLY/w=="],

    "webidl-conversions": ["webidl-conversions@3.0.1", "", {}, "sha512-2JAn3z8AR6rjK8Sm8orRC0h/bcl/DqL7tRPdGZ4I1CjdF+EaMLmYxBHyXuKL849eucPFhvBoxMsflfOb8kxaeQ=="],

    "whatwg-url": ["whatwg-url@5.0.0", "", { "dependencies": { "tr46": "~0.0.3", "webidl-conversions": "^3.0.0" } }, "sha512-saE57nupxk6v3HY35+jzBwYa0rKSy0XR8JSxZPwgLr7ys0IBzhGviA1/TUGJLmSVqs8pb9AnvICXEuOHLprYTw=="],
  }
}
